
Microsoft Visual Studio Solution File, Format Version 12.00
# Visual Studio Version 17
VisualStudioVersion = 17.4.33403.182
MinimumVisualStudioVersion = 10.0.40219.1
Project("{2150E333-8FDC-42A3-9474-1A3956D46DE8}") = "DAL", "DAL", "{4D4F0FCF-7BFC-44DF-AEFB-B72A78868258}"
EndProject
Project("{2150E333-8FDC-42A3-9474-1A3956D46DE8}") = "BLL", "BLL", "{9CA42E20-5D3A-4059-80E7-BC339312B77E}"
EndProject
Project("{2150E333-8FDC-42A3-9474-1A3956D46DE8}") = "Presentation", "Presentation", "{D320E8E4-3D51-4225-AAFC-CDD65BD77347}"
EndProject
Project("{2150E333-8FDC-42A3-9474-1A3956D46DE8}") = "Ecommerce-Angular", "Ecommerce-Angular", "{D64C6466-BC3D-43C1-BE64-7A0AEAD9ABD9}"
EndProject
Project("{9A19103F-16F7-4668-BE54-9A1E7A4F7556}") = "Ecommerce-Angular", "Ecommerce-Angular\Ecommerce-Angular.csproj", "{6201A3FE-F84C-4BC2-8CE5-40E5D830467D}"
EndProject
Project("{9A19103F-16F7-4668-BE54-9A1E7A4F7556}") = "Ecommerce.Models", "Ecommerce.BLL\Ecommerce.Models.csproj", "{F8B801BC-C31C-4057-BFE4-90CEA4687255}"
EndProject
Project("{9A19103F-16F7-4668-BE54-9A1E7A4F7556}") = "Ecommerce.Services", "Ecommerce.Services\Ecommerce.Services.csproj", "{3BCA997C-09C2-4B8D-BE24-467A8974EF50}"
EndProject
Project("{2150E333-8FDC-42A3-9474-1A3956D46DE8}") = "Models", "Models", "{0B74E06B-AB3A-452E-87FC-1723CDD4F84F}"
EndProject
Project("{2150E333-8FDC-42A3-9474-1A3956D46DE8}") = "Services", "Services", "{CA109BDB-D592-4651-B622-15C29517ECE4}"
EndProject
Project("{9A19103F-16F7-4668-BE54-9A1E7A4F7556}") = "Ecommerce.Services.Interfaces", "Ecommerce.Services.Contracts\Ecommerce.Services.Interfaces.csproj", "{62145A09-BDD2-46A4-8028-3427E764BAAE}"
EndProject
Project("{9A19103F-16F7-4668-BE54-9A1E7A4F7556}") = "Ecommerce.DAL", "Ecommerce.DAL\Ecommerce.DAL.csproj", "{9B897E7A-99B2-43D0-A1B3-364BEF64B3A3}"
EndProject
Project("{9A19103F-16F7-4668-BE54-9A1E7A4F7556}") = "Ecommerce.Identity", "Ecommerce.Identity\Ecommerce.Identity.csproj", "{CDBCE765-79C9-4711-B23D-89AE88F24CC8}"
EndProject
Project("{2150E333-8FDC-42A3-9474-1A3956D46DE8}") = "Tests", "Tests", "{2B439DB3-BDBD-422D-92A6-5FF9F67878A0}"
EndProject
Project("{9A19103F-16F7-4668-BE54-9A1E7A4F7556}") = "Ecommerce.Tests", "Ecommerce.Tests\Ecommerce.Tests.csproj", "{C0CFADC8-C7F1-41C2-A66A-67547D84E9E0}"
EndProject
Project("{2150E333-8FDC-42A3-9474-1A3956D46DE8}") = "Blazor", "Blazor", "{C2EED6C7-AEDF-451C-9328-F317D56CA5B8}"
EndProject
Project("{9A19103F-16F7-4668-BE54-9A1E7A4F7556}") = "EcommerceUI.Server", "EcommerceUI\Server\EcommerceUI.Server.csproj", "{4A27DD1A-367C-441A-9609-2AD74649BF71}"
EndProject
Project("{9A19103F-16F7-4668-BE54-9A1E7A4F7556}") = "EcommerceUI.Client", "EcommerceUI\Client\EcommerceUI.Client.csproj", "{7E061586-395A-4F54-BF8D-42F6FA46BDC8}"
EndProject
Project("{9A19103F-16F7-4668-BE54-9A1E7A4F7556}") = "EcommerceUI.Shared", "EcommerceUI\Shared\EcommerceUI.Shared.csproj", "{FDA1A46B-AC65-4C40-B384-4672712CDD41}"
EndProject
Global
	GlobalSection(SolutionConfigurationPlatforms) = preSolution
		Debug|Any CPU = Debug|Any CPU
		Release|Any CPU = Release|Any CPU
	EndGlobalSection
	GlobalSection(ProjectConfigurationPlatforms) = postSolution
		{6201A3FE-F84C-4BC2-8CE5-40E5D830467D}.Debug|Any CPU.ActiveCfg = Debug|Any CPU
		{6201A3FE-F84C-4BC2-8CE5-40E5D830467D}.Debug|Any CPU.Build.0 = Debug|Any CPU
		{6201A3FE-F84C-4BC2-8CE5-40E5D830467D}.Release|Any CPU.ActiveCfg = Release|Any CPU
		{6201A3FE-F84C-4BC2-8CE5-40E5D830467D}.Release|Any CPU.Build.0 = Release|Any CPU
		{F8B801BC-C31C-4057-BFE4-90CEA4687255}.Debug|Any CPU.ActiveCfg = Debug|Any CPU
		{F8B801BC-C31C-4057-BFE4-90CEA4687255}.Debug|Any CPU.Build.0 = Debug|Any CPU
		{F8B801BC-C31C-4057-BFE4-90CEA4687255}.Release|Any CPU.ActiveCfg = Release|Any CPU
		{F8B801BC-C31C-4057-BFE4-90CEA4687255}.Release|Any CPU.Build.0 = Release|Any CPU
		{3BCA997C-09C2-4B8D-BE24-467A8974EF50}.Debug|Any CPU.ActiveCfg = Debug|Any CPU
		{3BCA997C-09C2-4B8D-BE24-467A8974EF50}.Debug|Any CPU.Build.0 = Debug|Any CPU
		{3BCA997C-09C2-4B8D-BE24-467A8974EF50}.Release|Any CPU.ActiveCfg = Release|Any CPU
		{3BCA997C-09C2-4B8D-BE24-467A8974EF50}.Release|Any CPU.Build.0 = Release|Any CPU
		{62145A09-BDD2-46A4-8028-3427E764BAAE}.Debug|Any CPU.ActiveCfg = Debug|Any CPU
		{62145A09-BDD2-46A4-8028-3427E764BAAE}.Debug|Any CPU.Build.0 = Debug|Any CPU
		{62145A09-BDD2-46A4-8028-3427E764BAAE}.Release|Any CPU.ActiveCfg = Release|Any CPU
		{62145A09-BDD2-46A4-8028-3427E764BAAE}.Release|Any CPU.Build.0 = Release|Any CPU
		{9B897E7A-99B2-43D0-A1B3-364BEF64B3A3}.Debug|Any CPU.ActiveCfg = Debug|Any CPU
		{9B897E7A-99B2-43D0-A1B3-364BEF64B3A3}.Debug|Any CPU.Build.0 = Debug|Any CPU
		{9B897E7A-99B2-43D0-A1B3-364BEF64B3A3}.Release|Any CPU.ActiveCfg = Release|Any CPU
		{9B897E7A-99B2-43D0-A1B3-364BEF64B3A3}.Release|Any CPU.Build.0 = Release|Any CPU
		{CDBCE765-79C9-4711-B23D-89AE88F24CC8}.Debug|Any CPU.ActiveCfg = Debug|Any CPU
		{CDBCE765-79C9-4711-B23D-89AE88F24CC8}.Debug|Any CPU.Build.0 = Debug|Any CPU
		{CDBCE765-79C9-4711-B23D-89AE88F24CC8}.Release|Any CPU.ActiveCfg = Release|Any CPU
		{CDBCE765-79C9-4711-B23D-89AE88F24CC8}.Release|Any CPU.Build.0 = Release|Any CPU
		{C0CFADC8-C7F1-41C2-A66A-67547D84E9E0}.Debug|Any CPU.ActiveCfg = Debug|Any CPU
		{C0CFADC8-C7F1-41C2-A66A-67547D84E9E0}.Debug|Any CPU.Build.0 = Debug|Any CPU
		{C0CFADC8-C7F1-41C2-A66A-67547D84E9E0}.Release|Any CPU.ActiveCfg = Release|Any CPU
		{C0CFADC8-C7F1-41C2-A66A-67547D84E9E0}.Release|Any CPU.Build.0 = Release|Any CPU
		{4A27DD1A-367C-441A-9609-2AD74649BF71}.Debug|Any CPU.ActiveCfg = Debug|Any CPU
		{4A27DD1A-367C-441A-9609-2AD74649BF71}.Debug|Any CPU.Build.0 = Debug|Any CPU
		{4A27DD1A-367C-441A-9609-2AD74649BF71}.Release|Any CPU.ActiveCfg = Release|Any CPU
		{4A27DD1A-367C-441A-9609-2AD74649BF71}.Release|Any CPU.Build.0 = Release|Any CPU
		{7E061586-395A-4F54-BF8D-42F6FA46BDC8}.Debug|Any CPU.ActiveCfg = Debug|Any CPU
		{7E061586-395A-4F54-BF8D-42F6FA46BDC8}.Debug|Any CPU.Build.0 = Debug|Any CPU
		{7E061586-395A-4F54-BF8D-42F6FA46BDC8}.Release|Any CPU.ActiveCfg = Release|Any CPU
		{7E061586-395A-4F54-BF8D-42F6FA46BDC8}.Release|Any CPU.Build.0 = Release|Any CPU
		{FDA1A46B-AC65-4C40-B384-4672712CDD41}.Debug|Any CPU.ActiveCfg = Debug|Any CPU
		{FDA1A46B-AC65-4C40-B384-4672712CDD41}.Debug|Any CPU.Build.0 = Debug|Any CPU
		{FDA1A46B-AC65-4C40-B384-4672712CDD41}.Release|Any CPU.ActiveCfg = Release|Any CPU
		{FDA1A46B-AC65-4C40-B384-4672712CDD41}.Release|Any CPU.Build.0 = Release|Any CPU
	EndGlobalSection
	GlobalSection(SolutionProperties) = preSolution
		HideSolutionNode = FALSE
	EndGlobalSection
	GlobalSection(NestedProjects) = preSolution
		{D64C6466-BC3D-43C1-BE64-7A0AEAD9ABD9} = {D320E8E4-3D51-4225-AAFC-CDD65BD77347}
		{6201A3FE-F84C-4BC2-8CE5-40E5D830467D} = {D64C6466-BC3D-43C1-BE64-7A0AEAD9ABD9}
		{F8B801BC-C31C-4057-BFE4-90CEA4687255} = {0B74E06B-AB3A-452E-87FC-1723CDD4F84F}
		{3BCA997C-09C2-4B8D-BE24-467A8974EF50} = {CA109BDB-D592-4651-B622-15C29517ECE4}
		{0B74E06B-AB3A-452E-87FC-1723CDD4F84F} = {9CA42E20-5D3A-4059-80E7-BC339312B77E}
		{CA109BDB-D592-4651-B622-15C29517ECE4} = {9CA42E20-5D3A-4059-80E7-BC339312B77E}
		{62145A09-BDD2-46A4-8028-3427E764BAAE} = {CA109BDB-D592-4651-B622-15C29517ECE4}
		{9B897E7A-99B2-43D0-A1B3-364BEF64B3A3} = {4D4F0FCF-7BFC-44DF-AEFB-B72A78868258}
		{CDBCE765-79C9-4711-B23D-89AE88F24CC8} = {4D4F0FCF-7BFC-44DF-AEFB-B72A78868258}
		{C0CFADC8-C7F1-41C2-A66A-67547D84E9E0} = {2B439DB3-BDBD-422D-92A6-5FF9F67878A0}
		{C2EED6C7-AEDF-451C-9328-F317D56CA5B8} = {D320E8E4-3D51-4225-AAFC-CDD65BD77347}
		{4A27DD1A-367C-441A-9609-2AD74649BF71} = {C2EED6C7-AEDF-451C-9328-F317D56CA5B8}
		{7E061586-395A-4F54-BF8D-42F6FA46BDC8} = {C2EED6C7-AEDF-451C-9328-F317D56CA5B8}
		{FDA1A46B-AC65-4C40-B384-4672712CDD41} = {C2EED6C7-AEDF-451C-9328-F317D56CA5B8}
	EndGlobalSection
	GlobalSection(ExtensibilityGlobals) = postSolution
		SolutionGuid = {7B75B6C3-1B5B-4AC9-A777-AA30855B4D6D}
	EndGlobalSection
EndGlobal
